// !$*UTF8*$!
{
	archiveVersion = 1;
	classes = {
	};
	objectVersion = 50;
	objects = {

/* Begin PBXBuildFile section */
		9C63B5D5217CBF16002D423B /* Article.swift in Sources */ = {isa = PBXBuildFile; fileRef = 9C63B5D4217CBF16002D423B /* Article.swift */; };
		9C63B5D7217CC227002D423B /* News.swift in Sources */ = {isa = PBXBuildFile; fileRef = 9C63B5D6217CC227002D423B /* News.swift */; };
		9C63B5DB217D02E3002D423B /* ArticlesViewModel.swift in Sources */ = {isa = PBXBuildFile; fileRef = 9C63B5DA217D02E3002D423B /* ArticlesViewModel.swift */; };
		9C63B5DD217D02F6002D423B /* ArticleViewModel.swift in Sources */ = {isa = PBXBuildFile; fileRef = 9C63B5DC217D02F6002D423B /* ArticleViewModel.swift */; };
		9C73C6B8217A6A3C00ACCBC8 /* AppDelegate.swift in Sources */ = {isa = PBXBuildFile; fileRef = 9C73C6B7217A6A3C00ACCBC8 /* AppDelegate.swift */; };
		9C73C6C2217A6A4300ACCBC8 /* LaunchScreen.storyboard in Resources */ = {isa = PBXBuildFile; fileRef = 9C73C6C0217A6A4300ACCBC8 /* LaunchScreen.storyboard */; };
		9C73C6CC217A6B4400ACCBC8 /* Main.storyboard in Resources */ = {isa = PBXBuildFile; fileRef = 9C73C6CA217A6B4400ACCBC8 /* Main.storyboard */; };
		9C73C6D1217A6BEF00ACCBC8 /* Assets.xcassets in Resources */ = {isa = PBXBuildFile; fileRef = 9C73C6D0217A6BEF00ACCBC8 /* Assets.xcassets */; };
		9C73C6D4217A6C8C00ACCBC8 /* SourcesController.swift in Sources */ = {isa = PBXBuildFile; fileRef = 9C73C6D3217A6C8C00ACCBC8 /* SourcesController.swift */; };
		9C73C6D6217A6CBC00ACCBC8 /* SourceNewsController.swift in Sources */ = {isa = PBXBuildFile; fileRef = 9C73C6D5217A6CBC00ACCBC8 /* SourceNewsController.swift */; };
		9C73C6DC217A7D4500ACCBC8 /* SourcesViewModel.swift in Sources */ = {isa = PBXBuildFile; fileRef = 9C73C6DA217A7D4400ACCBC8 /* SourcesViewModel.swift */; };
		9C73C6DD217A7D4500ACCBC8 /* SourceViewModel.swift in Sources */ = {isa = PBXBuildFile; fileRef = 9C73C6DB217A7D4500ACCBC8 /* SourceViewModel.swift */; };
		9C73C6E2217A7DCE00ACCBC8 /* WebService.swift in Sources */ = {isa = PBXBuildFile; fileRef = 9C73C6E1217A7DCE00ACCBC8 /* WebService.swift */; };
		9C73C6E8217A7E6600ACCBC8 /* WebContent.swift in Sources */ = {isa = PBXBuildFile; fileRef = 9C73C6E6217A7E6600ACCBC8 /* WebContent.swift */; };
		9C73C6E9217A7E6600ACCBC8 /* Source.swift in Sources */ = {isa = PBXBuildFile; fileRef = 9C73C6E7217A7E6600ACCBC8 /* Source.swift */; };
		9C73C6EF217A7F1700ACCBC8 /* SourceTableViewCell.swift in Sources */ = {isa = PBXBuildFile; fileRef = 9C73C6ED217A7F1700ACCBC8 /* SourceTableViewCell.swift */; };
		9C73C6F0217A7F1700ACCBC8 /* NewsTableViewCell.swift in Sources */ = {isa = PBXBuildFile; fileRef = 9C73C6EE217A7F1700ACCBC8 /* NewsTableViewCell.swift */; };
		9C73C6F5217A7F9200ACCBC8 /* TableViewDataSource.swift in Sources */ = {isa = PBXBuildFile; fileRef = 9C73C6F4217A7F9200ACCBC8 /* TableViewDataSource.swift */; };
		9C73C6FA217A833900ACCBC8 /* Config.plist in Resources */ = {isa = PBXBuildFile; fileRef = 9C73C6F9217A833900ACCBC8 /* Config.plist */; };
/* End PBXBuildFile section */

/* Begin PBXFileReference section */
		9C63B5D4217CBF16002D423B /* Article.swift */ = {isa = PBXFileReference; lastKnownFileType = sourcecode.swift; path = Article.swift; sourceTree = "<group>"; };
		9C63B5D6217CC227002D423B /* News.swift */ = {isa = PBXFileReference; lastKnownFileType = sourcecode.swift; path = News.swift; sourceTree = "<group>"; };
		9C63B5DA217D02E3002D423B /* ArticlesViewModel.swift */ = {isa = PBXFileReference; lastKnownFileType = sourcecode.swift; path = ArticlesViewModel.swift; sourceTree = "<group>"; };
		9C63B5DC217D02F6002D423B /* ArticleViewModel.swift */ = {isa = PBXFileReference; lastKnownFileType = sourcecode.swift; path = ArticleViewModel.swift; sourceTree = "<group>"; };
		9C73C6B4217A6A3B00ACCBC8 /* FreshNews2.app */ = {isa = PBXFileReference; explicitFileType = wrapper.application; includeInIndex = 0; path = FreshNews2.app; sourceTree = BUILT_PRODUCTS_DIR; };
		9C73C6B7217A6A3C00ACCBC8 /* AppDelegate.swift */ = {isa = PBXFileReference; lastKnownFileType = sourcecode.swift; path = AppDelegate.swift; sourceTree = "<group>"; };
		9C73C6C1217A6A4300ACCBC8 /* Base */ = {isa = PBXFileReference; lastKnownFileType = file.storyboard; name = Base; path = Base.lproj/LaunchScreen.storyboard; sourceTree = "<group>"; };
		9C73C6C3217A6A4300ACCBC8 /* Info.plist */ = {isa = PBXFileReference; lastKnownFileType = text.plist.xml; path = Info.plist; sourceTree = "<group>"; };
		9C73C6CB217A6B4400ACCBC8 /* Base */ = {isa = PBXFileReference; lastKnownFileType = file.storyboard; name = Base; path = Base.lproj/Main.storyboard; sourceTree = "<group>"; };
		9C73C6D0217A6BEF00ACCBC8 /* Assets.xcassets */ = {isa = PBXFileReference; lastKnownFileType = folder.assetcatalog; path = Assets.xcassets; sourceTree = "<group>"; };
		9C73C6D3217A6C8C00ACCBC8 /* SourcesController.swift */ = {isa = PBXFileReference; lastKnownFileType = sourcecode.swift; path = SourcesController.swift; sourceTree = "<group>"; };
		9C73C6D5217A6CBC00ACCBC8 /* SourceNewsController.swift */ = {isa = PBXFileReference; lastKnownFileType = sourcecode.swift; path = SourceNewsController.swift; sourceTree = "<group>"; };
		9C73C6DA217A7D4400ACCBC8 /* SourcesViewModel.swift */ = {isa = PBXFileReference; fileEncoding = 4; lastKnownFileType = sourcecode.swift; path = SourcesViewModel.swift; sourceTree = "<group>"; };
		9C73C6DB217A7D4500ACCBC8 /* SourceViewModel.swift */ = {isa = PBXFileReference; fileEncoding = 4; lastKnownFileType = sourcecode.swift; path = SourceViewModel.swift; sourceTree = "<group>"; };
		9C73C6E1217A7DCE00ACCBC8 /* WebService.swift */ = {isa = PBXFileReference; lastKnownFileType = sourcecode.swift; path = WebService.swift; sourceTree = "<group>"; };
		9C73C6E6217A7E6600ACCBC8 /* WebContent.swift */ = {isa = PBXFileReference; fileEncoding = 4; lastKnownFileType = sourcecode.swift; path = WebContent.swift; sourceTree = "<group>"; };
		9C73C6E7217A7E6600ACCBC8 /* Source.swift */ = {isa = PBXFileReference; fileEncoding = 4; lastKnownFileType = sourcecode.swift; path = Source.swift; sourceTree = "<group>"; };
		9C73C6ED217A7F1700ACCBC8 /* SourceTableViewCell.swift */ = {isa = PBXFileReference; fileEncoding = 4; lastKnownFileType = sourcecode.swift; path = SourceTableViewCell.swift; sourceTree = "<group>"; };
		9C73C6EE217A7F1700ACCBC8 /* NewsTableViewCell.swift */ = {isa = PBXFileReference; fileEncoding = 4; lastKnownFileType = sourcecode.swift; path = NewsTableViewCell.swift; sourceTree = "<group>"; };
		9C73C6F4217A7F9200ACCBC8 /* TableViewDataSource.swift */ = {isa = PBXFileReference; fileEncoding = 4; lastKnownFileType = sourcecode.swift; path = TableViewDataSource.swift; sourceTree = "<group>"; };
		9C73C6F9217A833900ACCBC8 /* Config.plist */ = {isa = PBXFileReference; fileEncoding = 4; lastKnownFileType = text.plist.xml; path = Config.plist; sourceTree = "<group>"; };
/* End PBXFileReference section */

/* Begin PBXFrameworksBuildPhase section */
		9C73C6B1217A6A3B00ACCBC8 /* Frameworks */ = {
			isa = PBXFrameworksBuildPhase;
			buildActionMask = 2147483647;
			files = (
			);
			runOnlyForDeploymentPostprocessing = 0;
		};
/* End PBXFrameworksBuildPhase section */

/* Begin PBXGroup section */
		9C63B5D8217D02A1002D423B /* Source */ = {
			isa = PBXGroup;
			children = (
				9C73C6DA217A7D4400ACCBC8 /* SourcesViewModel.swift */,
				9C73C6DB217A7D4500ACCBC8 /* SourceViewModel.swift */,
			);
			path = Source;
			sourceTree = "<group>";
		};
		9C63B5D9217D02B8002D423B /* Article */ = {
			isa = PBXGroup;
			children = (
				9C63B5DA217D02E3002D423B /* ArticlesViewModel.swift */,
				9C63B5DC217D02F6002D423B /* ArticleViewModel.swift */,
			);
			path = Article;
			sourceTree = "<group>";
		};
		9C73C6AB217A6A3B00ACCBC8 = {
			isa = PBXGroup;
			children = (
				9C73C6B6217A6A3C00ACCBC8 /* FreshNews2 */,
				9C73C6B5217A6A3B00ACCBC8 /* Products */,
			);
			sourceTree = "<group>";
		};
		9C73C6B5217A6A3B00ACCBC8 /* Products */ = {
			isa = PBXGroup;
			children = (
				9C73C6B4217A6A3B00ACCBC8 /* FreshNews2.app */,
			);
			name = Products;
			sourceTree = "<group>";
		};
		9C73C6B6217A6A3C00ACCBC8 /* FreshNews2 */ = {
			isa = PBXGroup;
			children = (
				9C73C6F1217A7F5000ACCBC8 /* Table View Data Source */,
				9C73C6EA217A7ECE00ACCBC8 /* Custom Table View Cells */,
				9C73C6E3217A7E1000ACCBC8 /* Service Model */,
				9C73C6DE217A7D6300ACCBC8 /* Service API */,
				9C73C6D7217A7D1500ACCBC8 /* View Model */,
				9C73C6D2217A6C6E00ACCBC8 /* Controllers */,
				9C73C6CD217A6B9C00ACCBC8 /* Assets */,
				9C73C6C9217A6B0600ACCBC8 /* User Interface */,
				9C73C6F6217A82FB00ACCBC8 /* Root */,
				9C73C6C3217A6A4300ACCBC8 /* Info.plist */,
			);
			path = FreshNews2;
			sourceTree = "<group>";
		};
		9C73C6C9217A6B0600ACCBC8 /* User Interface */ = {
			isa = PBXGroup;
			children = (
				9C73C6CA217A6B4400ACCBC8 /* Main.storyboard */,
				9C73C6C0217A6A4300ACCBC8 /* LaunchScreen.storyboard */,
			);
			path = "User Interface";
			sourceTree = "<group>";
		};
		9C73C6CD217A6B9C00ACCBC8 /* Assets */ = {
			isa = PBXGroup;
			children = (
				9C73C6D0217A6BEF00ACCBC8 /* Assets.xcassets */,
			);
			path = Assets;
			sourceTree = "<group>";
		};
		9C73C6D2217A6C6E00ACCBC8 /* Controllers */ = {
			isa = PBXGroup;
			children = (
				9C73C6D3217A6C8C00ACCBC8 /* SourcesController.swift */,
				9C73C6D5217A6CBC00ACCBC8 /* SourceNewsController.swift */,
			);
			path = Controllers;
			sourceTree = "<group>";
		};
		9C73C6D7217A7D1500ACCBC8 /* View Model */ = {
			isa = PBXGroup;
			children = (
				9C63B5D8217D02A1002D423B /* Source */,
				9C63B5D9217D02B8002D423B /* Article */,
			);
			path = "View Model";
			sourceTree = "<group>";
		};
		9C73C6DE217A7D6300ACCBC8 /* Service API */ = {
			isa = PBXGroup;
			children = (
				9C73C6E1217A7DCE00ACCBC8 /* WebService.swift */,
			);
			path = "Service API";
			sourceTree = "<group>";
		};
		9C73C6E3217A7E1000ACCBC8 /* Service Model */ = {
			isa = PBXGroup;
			children = (
				9C73C6E7217A7E6600ACCBC8 /* Source.swift */,
				9C73C6E6217A7E6600ACCBC8 /* WebContent.swift */,
				9C63B5D4217CBF16002D423B /* Article.swift */,
				9C63B5D6217CC227002D423B /* News.swift */,
			);
			path = "Service Model";
			sourceTree = "<group>";
		};
		9C73C6EA217A7ECE00ACCBC8 /* Custom Table View Cells */ = {
			isa = PBXGroup;
			children = (
				9C73C6EE217A7F1700ACCBC8 /* NewsTableViewCell.swift */,
				9C73C6ED217A7F1700ACCBC8 /* SourceTableViewCell.swift */,
			);
			path = "Custom Table View Cells";
			sourceTree = "<group>";
		};
		9C73C6F1217A7F5000ACCBC8 /* Table View Data Source */ = {
			isa = PBXGroup;
			children = (
				9C73C6F4217A7F9200ACCBC8 /* TableViewDataSource.swift */,
			);
			path = "Table View Data Source";
			sourceTree = "<group>";
		};
		9C73C6F6217A82FB00ACCBC8 /* Root */ = {
			isa = PBXGroup;
			children = (
				9C73C6B7217A6A3C00ACCBC8 /* AppDelegate.swift */,
				9C73C6F9217A833900ACCBC8 /* Config.plist */,
			);
			path = Root;
			sourceTree = "<group>";
		};
/* End PBXGroup section */

/* Begin PBXNativeTarget section */
		9C73C6B3217A6A3B00ACCBC8 /* FreshNews2 */ = {
			isa = PBXNativeTarget;
			buildConfigurationList = 9C73C6C6217A6A4300ACCBC8 /* Build configuration list for PBXNativeTarget "FreshNews2" */;
			buildPhases = (
				9C73C6B0217A6A3B00ACCBC8 /* Sources */,
				9C73C6B1217A6A3B00ACCBC8 /* Frameworks */,
				9C73C6B2217A6A3B00ACCBC8 /* Resources */,
			);
			buildRules = (
			);
			dependencies = (
			);
			name = FreshNews2;
			productName = FreshNews2;
			productReference = 9C73C6B4217A6A3B00ACCBC8 /* FreshNews2.app */;
			productType = "com.apple.product-type.application";
		};
/* End PBXNativeTarget section */

/* Begin PBXProject section */
		9C73C6AC217A6A3B00ACCBC8 /* Project object */ = {
			isa = PBXProject;
			attributes = {
				LastSwiftUpdateCheck = 1000;
				LastUpgradeCheck = 1000;
				ORGANIZATIONNAME = Marcelo;
				TargetAttributes = {
					9C73C6B3217A6A3B00ACCBC8 = {
						CreatedOnToolsVersion = 10.0;
					};
				};
			};
			buildConfigurationList = 9C73C6AF217A6A3B00ACCBC8 /* Build configuration list for PBXProject "FreshNews2" */;
			compatibilityVersion = "Xcode 9.3";
			developmentRegion = en;
			hasScannedForEncodings = 0;
			knownRegions = (
				en,
				Base,
			);
			mainGroup = 9C73C6AB217A6A3B00ACCBC8;
			productRefGroup = 9C73C6B5217A6A3B00ACCBC8 /* Products */;
			projectDirPath = "";
			projectRoot = "";
			targets = (
				9C73C6B3217A6A3B00ACCBC8 /* FreshNews2 */,
			);
		};
/* End PBXProject section */

/* Begin PBXResourcesBuildPhase section */
		9C73C6B2217A6A3B00ACCBC8 /* Resources */ = {
			isa = PBXResourcesBuildPhase;
			buildActionMask = 2147483647;
			files = (
				9C73C6CC217A6B4400ACCBC8 /* Main.storyboard in Resources */,
				9C73C6C2217A6A4300ACCBC8 /* LaunchScreen.storyboard in Resources */,
				9C73C6D1217A6BEF00ACCBC8 /* Assets.xcassets in Resources */,
				9C73C6FA217A833900ACCBC8 /* Config.plist in Resources */,
			);
			runOnlyForDeploymentPostprocessing = 0;
		};
/* End PBXResourcesBuildPhase section */

/* Begin PBXSourcesBuildPhase section */
		9C73C6B0217A6A3B00ACCBC8 /* Sources */ = {
			isa = PBXSourcesBuildPhase;
			buildActionMask = 2147483647;
			files = (
				9C73C6E8217A7E6600ACCBC8 /* WebContent.swift in Sources */,
				9C73C6D6217A6CBC00ACCBC8 /* SourceNewsController.swift in Sources */,
				9C73C6F0217A7F1700ACCBC8 /* NewsTableViewCell.swift in Sources */,
				9C63B5DD217D02F6002D423B /* ArticleViewModel.swift in Sources */,
				9C73C6E2217A7DCE00ACCBC8 /* WebService.swift in Sources */,
				9C73C6E9217A7E6600ACCBC8 /* Source.swift in Sources */,
				9C73C6D4217A6C8C00ACCBC8 /* SourcesController.swift in Sources */,
				9C73C6EF217A7F1700ACCBC8 /* SourceTableViewCell.swift in Sources */,
				9C73C6DD217A7D4500ACCBC8 /* SourceViewModel.swift in Sources */,
				9C63B5D5217CBF16002D423B /* Article.swift in Sources */,
				9C73C6DC217A7D4500ACCBC8 /* SourcesViewModel.swift in Sources */,
				9C73C6F5217A7F9200ACCBC8 /* TableViewDataSource.swift in Sources */,
				9C63B5D7217CC227002D423B /* News.swift in Sources */,
				9C73C6B8217A6A3C00ACCBC8 /* AppDelegate.swift in Sources */,
				9C63B5DB217D02E3002D423B /* ArticlesViewModel.swift in Sources */,
			);
			runOnlyForDeploymentPostprocessing = 0;
		};
/* End PBXSourcesBuildPhase section */

/* Begin PBXVariantGroup section */
		9C73C6C0217A6A4300ACCBC8 /* LaunchScreen.storyboard */ = {
			isa = PBXVariantGroup;
			children = (
				9C73C6C1217A6A4300ACCBC8 /* Base */,
			);
			name = LaunchScreen.storyboard;
			sourceTree = "<group>";
		};
		9C73C6CA217A6B4400ACCBC8 /* Main.storyboard */ = {
			isa = PBXVariantGroup;
			children = (
				9C73C6CB217A6B4400ACCBC8 /* Base */,
			);
			name = Main.storyboard;
			sourceTree = "<group>";
		};
/* End PBXVariantGroup section */

/* Begin XCBuildConfiguration section */
		9C73C6C4217A6A4300ACCBC8 /* Debug */ = {
			isa = XCBuildConfiguration;
			buildSettings = {
				ALWAYS_SEARCH_USER_PATHS = NO;
				CLANG_ANALYZER_NONNULL = YES;
				CLANG_ANALYZER_NUMBER_OBJECT_CONVERSION = YES_AGGRESSIVE;
				CLANG_CXX_LANGUAGE_STANDARD = "gnu++14";
				CLANG_CXX_LIBRARY = "libc++";
				CLANG_ENABLE_MODULES = YES;
				CLANG_ENABLE_OBJC_ARC = YES;
				CLANG_ENABLE_OBJC_WEAK = YES;
				CLANG_WARN_BLOCK_CAPTURE_AUTORELEASING = YES;
				CLANG_WARN_BOOL_CONVERSION = YES;
				CLANG_WARN_COMMA = YES;
				CLANG_WARN_CONSTANT_CONVERSION = YES;
				CLANG_WARN_DEPRECATED_OBJC_IMPLEMENTATIONS = YES;
				CLANG_WARN_DIRECT_OBJC_ISA_USAGE = YES_ERROR;
				CLANG_WARN_DOCUMENTATION_COMMENTS = YES;
				CLANG_WARN_EMPTY_BODY = YES;
				CLANG_WARN_ENUM_CONVERSION = YES;
				CLANG_WARN_INFINITE_RECURSION = YES;
				CLANG_WARN_INT_CONVERSION = YES;
				CLANG_WARN_NON_LITERAL_NULL_CONVERSION = YES;
				CLANG_WARN_OBJC_IMPLICIT_RETAIN_SELF = YES;
				CLANG_WARN_OBJC_LITERAL_CONVERSION = YES;
				CLANG_WARN_OBJC_ROOT_CLASS = YES_ERROR;
				CLANG_WARN_RANGE_LOOP_ANALYSIS = YES;
				CLANG_WARN_STRICT_PROTOTYPES = YES;
				CLANG_WARN_SUSPICIOUS_MOVE = YES;
				CLANG_WARN_UNGUARDED_AVAILABILITY = YES_AGGRESSIVE;
				CLANG_WARN_UNREACHABLE_CODE = YES;
				CLANG_WARN__DUPLICATE_METHOD_MATCH = YES;
				CODE_SIGN_IDENTITY = "iPhone Developer";
				COPY_PHASE_STRIP = NO;
				DEBUG_INFORMATION_FORMAT = dwarf;
				ENABLE_STRICT_OBJC_MSGSEND = YES;
				ENABLE_TESTABILITY = YES;
				GCC_C_LANGUAGE_STANDARD = gnu11;
				GCC_DYNAMIC_NO_PIC = NO;
				GCC_NO_COMMON_BLOCKS = YES;
				GCC_OPTIMIZATION_LEVEL = 0;
				GCC_PREPROCESSOR_DEFINITIONS = (
					"DEBUG=1",
					"$(inherited)",
				);
				GCC_WARN_64_TO_32_BIT_CONVERSION = YES;
				GCC_WARN_ABOUT_RETURN_TYPE = YES_ERROR;
				GCC_WARN_UNDECLARED_SELECTOR = YES;
				GCC_WARN_UNINITIALIZED_AUTOS = YES_AGGRESSIVE;
				GCC_WARN_UNUSED_FUNCTION = YES;
				GCC_WARN_UNUSED_VARIABLE = YES;
				IPHONEOS_DEPLOYMENT_TARGET = 12.0;
				MTL_ENABLE_DEBUG_INFO = INCLUDE_SOURCE;
				MTL_FAST_MATH = YES;
				ONLY_ACTIVE_ARCH = YES;
				SDKROOT = iphoneos;
				SWIFT_ACTIVE_COMPILATION_CONDITIONS = DEBUG;
				SWIFT_OPTIMIZATION_LEVEL = "-Onone";
			};
			name = Debug;
		};
		9C73C6C5217A6A4300ACCBC8 /* Release */ = {
			isa = XCBuildConfiguration;
			buildSettings = {
				ALWAYS_SEARCH_USER_PATHS = NO;
				CLANG_ANALYZER_NONNULL = YES;
				CLANG_ANALYZER_NUMBER_OBJECT_CONVERSION = YES_AGGRESSIVE;
				CLANG_CXX_LANGUAGE_STANDARD = "gnu++14";
				CLANG_CXX_LIBRARY = "libc++";
				CLANG_ENABLE_MODULES = YES;
				CLANG_ENABLE_OBJC_ARC = YES;
				CLANG_ENABLE_OBJC_WEAK = YES;
				CLANG_WARN_BLOCK_CAPTURE_AUTORELEASING = YES;
				CLANG_WARN_BOOL_CONVERSION = YES;
				CLANG_WARN_COMMA = YES;
				CLANG_WARN_CONSTANT_CONVERSION = YES;
				CLANG_WARN_DEPRECATED_OBJC_IMPLEMENTATIONS = YES;
				CLANG_WARN_DIRECT_OBJC_ISA_USAGE = YES_ERROR;
				CLANG_WARN_DOCUMENTATION_COMMENTS = YES;
				CLANG_WARN_EMPTY_BODY = YES;
				CLANG_WARN_ENUM_CONVERSION = YES;
				CLANG_WARN_INFINITE_RECURSION = YES;
				CLANG_WARN_INT_CONVERSION = YES;
				CLANG_WARN_NON_LITERAL_NULL_CONVERSION = YES;
				CLANG_WARN_OBJC_IMPLICIT_RETAIN_SELF = YES;
				CLANG_WARN_OBJC_LITERAL_CONVERSION = YES;
				CLANG_WARN_OBJC_ROOT_CLASS = YES_ERROR;
				CLANG_WARN_RANGE_LOOP_ANALYSIS = YES;
				CLANG_WARN_STRICT_PROTOTYPES = YES;
				CLANG_WARN_SUSPICIOUS_MOVE = YES;
				CLANG_WARN_UNGUARDED_AVAILABILITY = YES_AGGRESSIVE;
				CLANG_WARN_UNREACHABLE_CODE = YES;
				CLANG_WARN__DUPLICATE_METHOD_MATCH = YES;
				CODE_SIGN_IDENTITY = "iPhone Developer";
				COPY_PHASE_STRIP = NO;
				DEBUG_INFORMATION_FORMAT = "dwarf-with-dsym";
				ENABLE_NS_ASSERTIONS = NO;
				ENABLE_STRICT_OBJC_MSGSEND = YES;
				GCC_C_LANGUAGE_STANDARD = gnu11;
				GCC_NO_COMMON_BLOCKS = YES;
				GCC_WARN_64_TO_32_BIT_CONVERSION = YES;
				GCC_WARN_ABOUT_RETURN_TYPE = YES_ERROR;
				GCC_WARN_UNDECLARED_SELECTOR = YES;
				GCC_WARN_UNINITIALIZED_AUTOS = YES_AGGRESSIVE;
				GCC_WARN_UNUSED_FUNCTION = YES;
				GCC_WARN_UNUSED_VARIABLE = YES;
				IPHONEOS_DEPLOYMENT_TARGET = 12.0;
				MTL_ENABLE_DEBUG_INFO = NO;
				MTL_FAST_MATH = YES;
				SDKROOT = iphoneos;
				SWIFT_COMPILATION_MODE = wholemodule;
				SWIFT_OPTIMIZATION_LEVEL = "-O";
				VALIDATE_PRODUCT = YES;
			};
			name = Release;
		};
		9C73C6C7217A6A4300ACCBC8 /* Debug */ = {
			isa = XCBuildConfiguration;
			buildSettings = {
				ASSETCATALOG_COMPILER_APPICON_NAME = AppIcon;
				CODE_SIGN_STYLE = Automatic;
				DEVELOPMENT_TEAM = 5U294U2N56;
				INFOPLIST_FILE = FreshNews2/Info.plist;
				IPHONEOS_DEPLOYMENT_TARGET = 11.0;
				LD_RUNPATH_SEARCH_PATHS = (
					"$(inherited)",
					"@executable_path/Frameworks",
				);
				PRODUCT_BUNDLE_IDENTIFIER = MAS.FreshNews2;
				PRODUCT_NAME = "$(TARGET_NAME)";
				SWIFT_VERSION = 4.2;
				TARGETED_DEVICE_FAMILY = 1;
			};
			name = Debug;
		};
		9C73C6C8217A6A4300ACCBC8 /* Release */ = {
			isa = XCBuildConfiguration;
			buildSettings = {
				ASSETCATALOG_COMPILER_APPICON_NAME = AppIcon;
				CODE_SIGN_STYLE = Automatic;
				DEVELOPMENT_TEAM = 5U294U2N56;
				INFOPLIST_FILE = FreshNews2/Info.plist;
				IPHONEOS_DEPLOYMENT_TARGET = 11.0;
				LD_RUNPATH_SEARCH_PATHS = (
					"$(inherited)",
					"@executable_path/Frameworks",
				);
				PRODUCT_BUNDLE_IDENTIFIER = MAS.FreshNews2;
				PRODUCT_NAME = "$(TARGET_NAME)";
				SWIFT_VERSION = 4.2;
				TARGETED_DEVICE_FAMILY = 1;
			};
			name = Release;
		};
/* End XCBuildConfiguration section */

/* Begin XCConfigurationList section */
		9C73C6AF217A6A3B00ACCBC8 /* Build configuration list for PBXProject "FreshNews2" */ = {
			isa = XCConfigurationList;
			buildConfigurations = (
				9C73C6C4217A6A4300ACCBC8 /* Debug */,
				9C73C6C5217A6A4300ACCBC8 /* Release */,
			);
			defaultConfigurationIsVisible = 0;
			defaultConfigurationName = Release;
		};
		9C73C6C6217A6A4300ACCBC8 /* Build configuration list for PBXNativeTarget "FreshNews2" */ = {
			isa = XCConfigurationList;
			buildConfigurations = (
				9C73C6C7217A6A4300ACCBC8 /* Debug */,
				9C73C6C8217A6A4300ACCBC8 /* Release */,
			);
			defaultConfigurationIsVisible = 0;
			defaultConfigurationName = Release;
		};
/* End XCConfigurationList section */
	};
	rootObject = 9C73C6AC217A6A3B00ACCBC8 /* Project object */;
}
